
Microsoft Visual Studio Solution File, Format Version 12.00
# Visual Studio Version 16
VisualStudioVersion = 16.0.29123.88
MinimumVisualStudioVersion = 10.0.40219.1
Project("{FAE04EC0-301F-11D3-BF4B-00C04F79EFBC}") = "Post.Android", "Post\Post.Android\Post.Android.csproj", "{6953473B-54F0-4EE3-BAE8-1041F3A841E3}"
EndProject
Project("{FAE04EC0-301F-11D3-BF4B-00C04F79EFBC}") = "Post.iOS", "Post\Post.iOS\Post.iOS.csproj", "{99DBFC2C-8642-46A1-B713-B3D466EB3A2F}"
EndProject
Project("{FAE04EC0-301F-11D3-BF4B-00C04F79EFBC}") = "Post", "Post\Post\Post.csproj", "{0D90C6A5-C276-47C7-8CD9-9A66BA630152}"
EndProject
Global
	GlobalSection(SolutionConfigurationPlatforms) = preSolution
		Debug|Any CPU = Debug|Any CPU
		Debug|iPhone = Debug|iPhone
		Debug|iPhoneSimulator = Debug|iPhoneSimulator
		Release|Any CPU = Release|Any CPU
		Release|iPhone = Release|iPhone
		Release|iPhoneSimulator = Release|iPhoneSimulator
	EndGlobalSection
	GlobalSection(ProjectConfigurationPlatforms) = postSolution
		{6953473B-54F0-4EE3-BAE8-1041F3A841E3}.Debug|Any CPU.ActiveCfg = Debug|Any CPU
		{6953473B-54F0-4EE3-BAE8-1041F3A841E3}.Debug|Any CPU.Build.0 = Debug|Any CPU
		{6953473B-54F0-4EE3-BAE8-1041F3A841E3}.Debug|Any CPU.Deploy.0 = Debug|Any CPU
		{6953473B-54F0-4EE3-BAE8-1041F3A841E3}.Debug|iPhone.ActiveCfg = Debug|Any CPU
		{6953473B-54F0-4EE3-BAE8-1041F3A841E3}.Debug|iPhone.Build.0 = Debug|Any CPU
		{6953473B-54F0-4EE3-BAE8-1041F3A841E3}.Debug|iPhone.Deploy.0 = Debug|Any CPU
		{6953473B-54F0-4EE3-BAE8-1041F3A841E3}.Debug|iPhoneSimulator.ActiveCfg = Debug|Any CPU
		{6953473B-54F0-4EE3-BAE8-1041F3A841E3}.Debug|iPhoneSimulator.Build.0 = Debug|Any CPU
		{6953473B-54F0-4EE3-BAE8-1041F3A841E3}.Debug|iPhoneSimulator.Deploy.0 = Debug|Any CPU
		{6953473B-54F0-4EE3-BAE8-1041F3A841E3}.Release|Any CPU.ActiveCfg = Release|Any CPU
		{6953473B-54F0-4EE3-BAE8-1041F3A841E3}.Release|Any CPU.Build.0 = Release|Any CPU
		{6953473B-54F0-4EE3-BAE8-1041F3A841E3}.Release|Any CPU.Deploy.0 = Release|Any CPU
		{6953473B-54F0-4EE3-BAE8-1041F3A841E3}.Release|iPhone.ActiveCfg = Release|Any CPU
		{6953473B-54F0-4EE3-BAE8-1041F3A841E3}.Release|iPhone.Build.0 = Release|Any CPU
		{6953473B-54F0-4EE3-BAE8-1041F3A841E3}.Release|iPhone.Deploy.0 = Release|Any CPU
		{6953473B-54F0-4EE3-BAE8-1041F3A841E3}.Release|iPhoneSimulator.ActiveCfg = Release|Any CPU
		{6953473B-54F0-4EE3-BAE8-1041F3A841E3}.Release|iPhoneSimulator.Build.0 = Release|Any CPU
		{6953473B-54F0-4EE3-BAE8-1041F3A841E3}.Release|iPhoneSimulator.Deploy.0 = Release|Any CPU
		{99DBFC2C-8642-46A1-B713-B3D466EB3A2F}.Debug|Any CPU.ActiveCfg = Debug|iPhoneSimulator
		{99DBFC2C-8642-46A1-B713-B3D466EB3A2F}.Debug|Any CPU.Build.0 = Debug|iPhoneSimulator
		{99DBFC2C-8642-46A1-B713-B3D466EB3A2F}.Debug|Any CPU.Deploy.0 = Debug|iPhoneSimulator
		{99DBFC2C-8642-46A1-B713-B3D466EB3A2F}.Debug|iPhone.ActiveCfg = Debug|iPhone
		{99DBFC2C-8642-46A1-B713-B3D466EB3A2F}.Debug|iPhone.Build.0 = Debug|iPhone
		{99DBFC2C-8642-46A1-B713-B3D466EB3A2F}.Debug|iPhone.Deploy.0 = Debug|iPhone
		{99DBFC2C-8642-46A1-B713-B3D466EB3A2F}.Debug|iPhoneSimulator.ActiveCfg = Debug|iPhoneSimulator
		{99DBFC2C-8642-46A1-B713-B3D466EB3A2F}.Debug|iPhoneSimulator.Build.0 = Debug|iPhoneSimulator
		{99DBFC2C-8642-46A1-B713-B3D466EB3A2F}.Debug|iPhoneSimulator.Deploy.0 = Debug|iPhoneSimulator
		{99DBFC2C-8642-46A1-B713-B3D466EB3A2F}.Release|Any CPU.ActiveCfg = Release|iPhone
		{99DBFC2C-8642-46A1-B713-B3D466EB3A2F}.Release|Any CPU.Build.0 = Release|iPhone
		{99DBFC2C-8642-46A1-B713-B3D466EB3A2F}.Release|Any CPU.Deploy.0 = Release|iPhone
		{99DBFC2C-8642-46A1-B713-B3D466EB3A2F}.Release|iPhone.ActiveCfg = Release|iPhone
		{99DBFC2C-8642-46A1-B713-B3D466EB3A2F}.Release|iPhone.Build.0 = Release|iPhone
		{99DBFC2C-8642-46A1-B713-B3D466EB3A2F}.Release|iPhone.Deploy.0 = Release|iPhone
		{99DBFC2C-8642-46A1-B713-B3D466EB3A2F}.Release|iPhoneSimulator.ActiveCfg = Release|iPhoneSimulator
		{99DBFC2C-8642-46A1-B713-B3D466EB3A2F}.Release|iPhoneSimulator.Build.0 = Release|iPhoneSimulator
		{99DBFC2C-8642-46A1-B713-B3D466EB3A2F}.Release|iPhoneSimulator.Deploy.0 = Release|iPhoneSimulator
		{0D90C6A5-C276-47C7-8CD9-9A66BA630152}.Debug|Any CPU.ActiveCfg = Debug|Any CPU
		{0D90C6A5-C276-47C7-8CD9-9A66BA630152}.Debug|Any CPU.Build.0 = Debug|Any CPU
		{0D90C6A5-C276-47C7-8CD9-9A66BA630152}.Debug|Any CPU.Deploy.0 = Debug|Any CPU
		{0D90C6A5-C276-47C7-8CD9-9A66BA630152}.Debug|iPhone.ActiveCfg = Debug|Any CPU
		{0D90C6A5-C276-47C7-8CD9-9A66BA630152}.Debug|iPhone.Build.0 = Debug|Any CPU
		{0D90C6A5-C276-47C7-8CD9-9A66BA630152}.Debug|iPhone.Deploy.0 = Debug|Any CPU
		{0D90C6A5-C276-47C7-8CD9-9A66BA630152}.Debug|iPhoneSimulator.ActiveCfg = Debug|Any CPU
		{0D90C6A5-C276-47C7-8CD9-9A66BA630152}.Debug|iPhoneSimulator.Build.0 = Debug|Any CPU
		{0D90C6A5-C276-47C7-8CD9-9A66BA630152}.Debug|iPhoneSimulator.Deploy.0 = Debug|Any CPU
		{0D90C6A5-C276-47C7-8CD9-9A66BA630152}.Release|Any CPU.ActiveCfg = Release|Any CPU
		{0D90C6A5-C276-47C7-8CD9-9A66BA630152}.Release|Any CPU.Build.0 = Release|Any CPU
		{0D90C6A5-C276-47C7-8CD9-9A66BA630152}.Release|Any CPU.Deploy.0 = Release|Any CPU
		{0D90C6A5-C276-47C7-8CD9-9A66BA630152}.Release|iPhone.ActiveCfg = Release|Any CPU
		{0D90C6A5-C276-47C7-8CD9-9A66BA630152}.Release|iPhone.Build.0 = Release|Any CPU
		{0D90C6A5-C276-47C7-8CD9-9A66BA630152}.Release|iPhone.Deploy.0 = Release|Any CPU
		{0D90C6A5-C276-47C7-8CD9-9A66BA630152}.Release|iPhoneSimulator.ActiveCfg = Release|Any CPU
		{0D90C6A5-C276-47C7-8CD9-9A66BA630152}.Release|iPhoneSimulator.Build.0 = Release|Any CPU
		{0D90C6A5-C276-47C7-8CD9-9A66BA630152}.Release|iPhoneSimulator.Deploy.0 = Release|Any CPU
	EndGlobalSection
	GlobalSection(SolutionProperties) = preSolution
		HideSolutionNode = FALSE
	EndGlobalSection
	GlobalSection(ExtensibilityGlobals) = postSolution
		SolutionGuid = {1152B764-FBAD-446F-9C8E-03321D41B617}
	EndGlobalSection
EndGlobal
